// !$*UTF8*$!
{
	archiveVersion = 1;
	classes = {
	};
	objectVersion = 46;
	objects = {

/* Begin PBXBuildFile section */
		6EE5C93D1BBAFB5D00D25DEE /* main.m in Sources */ = {isa = PBXBuildFile; fileRef = 6EE5C93C1BBAFB5D00D25DEE /* main.m */; };
		6EE5C9401BBAFB5D00D25DEE /* AppDelegate.m in Sources */ = {isa = PBXBuildFile; fileRef = 6EE5C93F1BBAFB5D00D25DEE /* AppDelegate.m */; };
		6EE5C9431BBAFB5D00D25DEE /* ViewController.m in Sources */ = {isa = PBXBuildFile; fileRef = 6EE5C9421BBAFB5D00D25DEE /* ViewController.m */; };
		6EE5C9461BBAFB5D00D25DEE /* Main.storyboard in Resources */ = {isa = PBXBuildFile; fileRef = 6EE5C9441BBAFB5D00D25DEE /* Main.storyboard */; };
		6EE5C9481BBAFB5D00D25DEE /* Assets.xcassets in Resources */ = {isa = PBXBuildFile; fileRef = 6EE5C9471BBAFB5D00D25DEE /* Assets.xcassets */; };
		6EE5C94B1BBAFB5D00D25DEE /* LaunchScreen.storyboard in Resources */ = {isa = PBXBuildFile; fileRef = 6EE5C9491BBAFB5D00D25DEE /* LaunchScreen.storyboard */; };
/* End PBXBuildFile section */

/* Begin PBXFileReference section */
		6EE5C9381BBAFB5D00D25DEE /* Ribbit.app */ = {isa = PBXFileReference; explicitFileType = wrapper.application; includeInIndex = 0; path = Ribbit.app; sourceTree = BUILT_PRODUCTS_DIR; };
		6EE5C93C1BBAFB5D00D25DEE /* main.m */ = {isa = PBXFileReference; lastKnownFileType = sourcecode.c.objc; path = main.m; sourceTree = "<group>"; };
		6EE5C93E1BBAFB5D00D25DEE /* AppDelegate.h */ = {isa = PBXFileReference; lastKnownFileType = sourcecode.c.h; path = AppDelegate.h; sourceTree = "<group>"; };
		6EE5C93F1BBAFB5D00D25DEE /* AppDelegate.m */ = {isa = PBXFileReference; lastKnownFileType = sourcecode.c.objc; path = AppDelegate.m; sourceTree = "<group>"; };
		6EE5C9411BBAFB5D00D25DEE /* ViewController.h */ = {isa = PBXFileReference; lastKnownFileType = sourcecode.c.h; path = ViewController.h; sourceTree = "<group>"; };
		6EE5C9421BBAFB5D00D25DEE /* ViewController.m */ = {isa = PBXFileReference; lastKnownFileType = sourcecode.c.objc; path = ViewController.m; sourceTree = "<group>"; };
		6EE5C9451BBAFB5D00D25DEE /* Base */ = {isa = PBXFileReference; lastKnownFileType = file.storyboard; name = Base; path = Base.lproj/Main.storyboard; sourceTree = "<group>"; };
		6EE5C9471BBAFB5D00D25DEE /* Assets.xcassets */ = {isa = PBXFileReference; lastKnownFileType = folder.assetcatalog; path = Assets.xcassets; sourceTree = "<group>"; };
		6EE5C94A1BBAFB5D00D25DEE /* Base */ = {isa = PBXFileReference; lastKnownFileType = file.storyboard; name = Base; path = Base.lproj/LaunchScreen.storyboard; sourceTree = "<group>"; };
		6EE5C94C1BBAFB5D00D25DEE /* Info.plist */ = {isa = PBXFileReference; lastKnownFileType = text.plist.xml; path = Info.plist; sourceTree = "<group>"; };
/* End PBXFileReference section */

/* Begin PBXFrameworksBuildPhase section */
		6EE5C9351BBAFB5D00D25DEE /* Frameworks */ = {
			isa = PBXFrameworksBuildPhase;
			buildActionMask = 2147483647;
			files = (
			);
			runOnlyForDeploymentPostprocessing = 0;
		};
/* End PBXFrameworksBuildPhase section */

/* Begin PBXGroup section */
		6EE5C92F1BBAFB5D00D25DEE = {
			isa = PBXGroup;
			children = (
				6EE5C93A1BBAFB5D00D25DEE /* Ribbit */,
				6EE5C9391BBAFB5D00D25DEE /* Products */,
			);
			sourceTree = "<group>";
		};
		6EE5C9391BBAFB5D00D25DEE /* Products */ = {
			isa = PBXGroup;
			children = (
				6EE5C9381BBAFB5D00D25DEE /* Ribbit.app */,
			);
			name = Products;
			sourceTree = "<group>";
		};
		6EE5C93A1BBAFB5D00D25DEE /* Ribbit */ = {
			isa = PBXGroup;
			children = (
				6EE5C93E1BBAFB5D00D25DEE /* AppDelegate.h */,
				6EE5C93F1BBAFB5D00D25DEE /* AppDelegate.m */,
				6EE5C9411BBAFB5D00D25DEE /* ViewController.h */,
				6EE5C9421BBAFB5D00D25DEE /* ViewController.m */,
				6EE5C9441BBAFB5D00D25DEE /* Main.storyboard */,
				6EE5C9471BBAFB5D00D25DEE /* Assets.xcassets */,
				6EE5C9491BBAFB5D00D25DEE /* LaunchScreen.storyboard */,
				6EE5C94C1BBAFB5D00D25DEE /* Info.plist */,
				6EE5C93B1BBAFB5D00D25DEE /* Supporting Files */,
			);
			path = Ribbit;
			sourceTree = "<group>";
		};
		6EE5C93B1BBAFB5D00D25DEE /* Supporting Files */ = {
			isa = PBXGroup;
			children = (
				6EE5C93C1BBAFB5D00D25DEE /* main.m */,
			);
			name = "Supporting Files";
			sourceTree = "<group>";
		};
/* End PBXGroup section */

/* Begin PBXNativeTarget section */
		6EE5C9371BBAFB5D00D25DEE /* Ribbit */ = {
			isa = PBXNativeTarget;
			buildConfigurationList = 6EE5C94F1BBAFB5D00D25DEE /* Build configuration list for PBXNativeTarget "Ribbit" */;
			buildPhases = (
				6EE5C9341BBAFB5D00D25DEE /* Sources */,
				6EE5C9351BBAFB5D00D25DEE /* Frameworks */,
				6EE5C9361BBAFB5D00D25DEE /* Resources */,
			);
			buildRules = (
			);
			dependencies = (
			);
			name = Ribbit;
			productName = Ribbit;
			productReference = 6EE5C9381BBAFB5D00D25DEE /* Ribbit.app */;
			productType = "com.apple.product-type.application";
		};
/* End PBXNativeTarget section */

/* Begin PBXProject section */
		6EE5C9301BBAFB5D00D25DEE /* Project object */ = {
			isa = PBXProject;
			attributes = {
				LastUpgradeCheck = 0700;
				ORGANIZATIONNAME = "Pablo Alfaro";
				TargetAttributes = {
					6EE5C9371BBAFB5D00D25DEE = {
						CreatedOnToolsVersion = 7.0;
						DevelopmentTeam = 57QD3N7YAU;
					};
				};
			};
			buildConfigurationList = 6EE5C9331BBAFB5D00D25DEE /* Build configuration list for PBXProject "Ribbit" */;
			compatibilityVersion = "Xcode 3.2";
			developmentRegion = English;
			hasScannedForEncodings = 0;
			knownRegions = (
				en,
				Base,
			);
			mainGroup = 6EE5C92F1BBAFB5D00D25DEE;
			productRefGroup = 6EE5C9391BBAFB5D00D25DEE /* Products */;
			projectDirPath = "";
			projectRoot = "";
			targets = (
				6EE5C9371BBAFB5D00D25DEE /* Ribbit */,
			);
		};
/* End PBXProject section */

/* Begin PBXResourcesBuildPhase section */
		6EE5C9361BBAFB5D00D25DEE /* Resources */ = {
			isa = PBXResourcesBuildPhase;
			buildActionMask = 2147483647;
			files = (
				6EE5C94B1BBAFB5D00D25DEE /* LaunchScreen.storyboard in Resources */,
				6EE5C9481BBAFB5D00D25DEE /* Assets.xcassets in Resources */,
				6EE5C9461BBAFB5D00D25DEE /* Main.storyboard in Resources */,
			);
			runOnlyForDeploymentPostprocessing = 0;
		};
/* End PBXResourcesBuildPhase section */

/* Begin PBXSourcesBuildPhase section */
		6EE5C9341BBAFB5D00D25DEE /* Sources */ = {
			isa = PBXSourcesBuildPhase;
			buildActionMask = 2147483647;
			files = (
				6EE5C9431BBAFB5D00D25DEE /* ViewController.m in Sources */,
				6EE5C9401BBAFB5D00D25DEE /* AppDelegate.m in Sources */,
				6EE5C93D1BBAFB5D00D25DEE /* main.m in Sources */,
			);
			runOnlyForDeploymentPostprocessing = 0;
		};
/* End PBXSourcesBuildPhase section */

/* Begin PBXVariantGroup section */
		6EE5C9441BBAFB5D00D25DEE /* Main.storyboard */ = {
			isa = PBXVariantGroup;
			children = (
				6EE5C9451BBAFB5D00D25DEE /* Base */,
			);
			name = Main.storyboard;
			sourceTree = "<group>";
		};
		6EE5C9491BBAFB5D00D25DEE /* LaunchScreen.storyboard */ = {
			isa = PBXVariantGroup;
			children = (
				6EE5C94A1BBAFB5D00D25DEE /* Base */,
			);
			name = LaunchScreen.storyboard;
			sourceTree = "<group>";
		};
/* End PBXVariantGroup section */

/* Begin XCBuildConfiguration section */
		6EE5C94D1BBAFB5D00D25DEE /* Debug */ = {
			isa = XCBuildConfiguration;
			buildSettings = {
				ALWAYS_SEARCH_USER_PATHS = NO;
				CLANG_CXX_LANGUAGE_STANDARD = "gnu++0x";
				CLANG_CXX_LIBRARY = "libc++";
				CLANG_ENABLE_MODULES = YES;
				CLANG_ENABLE_OBJC_ARC = YES;
				CLANG_WARN_BOOL_CONVERSION = YES;
				CLANG_WARN_CONSTANT_CONVERSION = YES;
				CLANG_WARN_DIRECT_OBJC_ISA_USAGE = YES_ERROR;
				CLANG_WARN_EMPTY_BODY = YES;
				CLANG_WARN_ENUM_CONVERSION = YES;
				CLANG_WARN_INT_CONVERSION = YES;
				CLANG_WARN_OBJC_ROOT_CLASS = YES_ERROR;
				CLANG_WARN_UNREACHABLE_CODE = YES;
				CLANG_WARN__DUPLICATE_METHOD_MATCH = YES;
				"CODE_SIGN_IDENTITY[sdk=iphoneos*]" = "iPhone Developer";
				COPY_PHASE_STRIP = NO;
				DEBUG_INFORMATION_FORMAT = dwarf;
				ENABLE_STRICT_OBJC_MSGSEND = YES;
				ENABLE_TESTABILITY = YES;
				GCC_C_LANGUAGE_STANDARD = gnu99;
				GCC_DYNAMIC_NO_PIC = NO;
				GCC_NO_COMMON_BLOCKS = YES;
				GCC_OPTIMIZATION_LEVEL = 0;
				GCC_PREPROCESSOR_DEFINITIONS = (
					"DEBUG=1",
					"$(inherited)",
				);
				GCC_WARN_64_TO_32_BIT_CONVERSION = YES;
				GCC_WARN_ABOUT_RETURN_TYPE = YES_ERROR;
				GCC_WARN_UNDECLARED_SELECTOR = YES;
				GCC_WARN_UNINITIALIZED_AUTOS = YES_AGGRESSIVE;
				GCC_WARN_UNUSED_FUNCTION = YES;
				GCC_WARN_UNUSED_VARIABLE = YES;
				IPHONEOS_DEPLOYMENT_TARGET = 9.0;
				MTL_ENABLE_DEBUG_INFO = YES;
				ONLY_ACTIVE_ARCH = YES;
				SDKROOT = iphoneos;
			};
			name = Debug;
		};
		6EE5C94E1BBAFB5D00D25DEE /* Release */ = {
			isa = XCBuildConfiguration;
			buildSettings = {
				ALWAYS_SEARCH_USER_PATHS = NO;
				CLANG_CXX_LANGUAGE_STANDARD = "gnu++0x";
				CLANG_CXX_LIBRARY = "libc++";
				CLANG_ENABLE_MODULES = YES;
				CLANG_ENABLE_OBJC_ARC = YES;
				CLANG_WARN_BOOL_CONVERSION = YES;
				CLANG_WARN_CONSTANT_CONVERSION = YES;
				CLANG_WARN_DIRECT_OBJC_ISA_USAGE = YES_ERROR;
				CLANG_WARN_EMPTY_BODY = YES;
				CLANG_WARN_ENUM_CONVERSION = YES;
				CLANG_WARN_INT_CONVERSION = YES;
				CLANG_WARN_OBJC_ROOT_CLASS = YES_ERROR;
				CLANG_WARN_UNREACHABLE_CODE = YES;
				CLANG_WARN__DUPLICATE_METHOD_MATCH = YES;
				"CODE_SIGN_IDENTITY[sdk=iphoneos*]" = "iPhone Developer";
				COPY_PHASE_STRIP = NO;
				DEBUG_INFORMATION_FORMAT = "dwarf-with-dsym";
				ENABLE_NS_ASSERTIONS = NO;
				ENABLE_STRICT_OBJC_MSGSEND = YES;
				GCC_C_LANGUAGE_STANDARD = gnu99;
				GCC_NO_COMMON_BLOCKS = YES;
				GCC_WARN_64_TO_32_BIT_CONVERSION = YES;
				GCC_WARN_ABOUT_RETURN_TYPE = YES_ERROR;
				GCC_WARN_UNDECLARED_SELECTOR = YES;
				GCC_WARN_UNINITIALIZED_AUTOS = YES_AGGRESSIVE;
				GCC_WARN_UNUSED_FUNCTION = YES;
				GCC_WARN_UNUSED_VARIABLE = YES;
				IPHONEOS_DEPLOYMENT_TARGET = 9.0;
				MTL_ENABLE_DEBUG_INFO = NO;
				SDKROOT = iphoneos;
				VALIDATE_PRODUCT = YES;
			};
			name = Release;
		};
		6EE5C9501BBAFB5D00D25DEE /* Debug */ = {
			isa = XCBuildConfiguration;
			buildSettings = {
				ASSETCATALOG_COMPILER_APPICON_NAME = AppIcon;
				INFOPLIST_FILE = Ribbit/Info.plist;
				LD_RUNPATH_SEARCH_PATHS = "$(inherited) @executable_path/Frameworks";
				PRODUCT_BUNDLE_IDENTIFIER = "alfaro-Pablo.Ribbit";
				PRODUCT_NAME = "$(TARGET_NAME)";
			};
			name = Debug;
		};
		6EE5C9511BBAFB5D00D25DEE /* Release */ = {
			isa = XCBuildConfiguration;
			buildSettings = {
				ASSETCATALOG_COMPILER_APPICON_NAME = AppIcon;
				INFOPLIST_FILE = Ribbit/Info.plist;
				LD_RUNPATH_SEARCH_PATHS = "$(inherited) @executable_path/Frameworks";
				PRODUCT_BUNDLE_IDENTIFIER = "alfaro-Pablo.Ribbit";
				PRODUCT_NAME = "$(TARGET_NAME)";
			};
			name = Release;
		};
/* End XCBuildConfiguration section */

/* Begin XCConfigurationList section */
		6EE5C9331BBAFB5D00D25DEE /* Build configuration list for PBXProject "Ribbit" */ = {
			isa = XCConfigurationList;
			buildConfigurations = (
				6EE5C94D1BBAFB5D00D25DEE /* Debug */,
				6EE5C94E1BBAFB5D00D25DEE /* Release */,
			);
			defaultConfigurationIsVisible = 0;
			defaultConfigurationName = Release;
		};
		6EE5C94F1BBAFB5D00D25DEE /* Build configuration list for PBXNativeTarget "Ribbit" */ = {
			isa = XCConfigurationList;
			buildConfigurations = (
				6EE5C9501BBAFB5D00D25DEE /* Debug */,
				6EE5C9511BBAFB5D00D25DEE /* Release */,
			);
			defaultConfigurationIsVisible = 0;
		};
/* End XCConfigurationList section */
	};
	rootObject = 6EE5C9301BBAFB5D00D25DEE /* Project object */;
}
